
Microsoft Visual Studio Solution File, Format Version 12.00
# Visual Studio Version 16
VisualStudioVersion = 16.0.32630.194
MinimumVisualStudioVersion = 10.0.40219.1
Project("{FAE04EC0-301F-11D3-BF4B-00C04F79EFBC}") = "ReportService_Client", "ReportService_Client\ReportService_Client.csproj", "{04653106-22B9-4F4D-A11C-8D65B2ED80BE}"
EndProject
Global
	GlobalSection(SolutionConfigurationPlatforms) = preSolution
		Debug|Any CPU = Debug|Any CPU
		Release|Any CPU = Release|Any CPU
	EndGlobalSection
	GlobalSection(ProjectConfigurationPlatforms) = postSolution
		{04653106-22B9-4F4D-A11C-8D65B2ED80BE}.Debug|Any CPU.ActiveCfg = Debug|Any CPU
		{04653106-22B9-4F4D-A11C-8D65B2ED80BE}.Debug|Any CPU.Build.0 = Debug|Any CPU
		{04653106-22B9-4F4D-A11C-8D65B2ED80BE}.Release|Any CPU.ActiveCfg = Release|Any CPU
		{04653106-22B9-4F4D-A11C-8D65B2ED80BE}.Release|Any CPU.Build.0 = Release|Any CPU
	EndGlobalSection
	GlobalSection(SolutionProperties) = preSolution
		HideSolutionNode = FALSE
	EndGlobalSection
	GlobalSection(ExtensibilityGlobals) = postSolution
		SolutionGuid = {3825F138-A7C5-4F50-B506-36B2A5BFBDA1}
	EndGlobalSection
EndGlobal
