
Microsoft Visual Studio Solution File, Format Version 12.00
# Visual Studio Version 16
VisualStudioVersion = 16.0.32630.194
MinimumVisualStudioVersion = 10.0.40219.1
Project("{FAE04EC0-301F-11D3-BF4B-00C04F79EFBC}") = "ReportService", "ReportService\ReportService.csproj", "{89A9FF04-EE1B-44B8-82ED-5E9B5FEBE6D8}"
EndProject
Project("{FAE04EC0-301F-11D3-BF4B-00C04F79EFBC}") = "ReportServiceHost", "ReportServiceHost\ReportServiceHost.csproj", "{0E89B820-3AF3-4EEE-AD1B-7C266300666E}"
EndProject
Global
	GlobalSection(SolutionConfigurationPlatforms) = preSolution
		Debug|Any CPU = Debug|Any CPU
		Release|Any CPU = Release|Any CPU
	EndGlobalSection
	GlobalSection(ProjectConfigurationPlatforms) = postSolution
		{89A9FF04-EE1B-44B8-82ED-5E9B5FEBE6D8}.Debug|Any CPU.ActiveCfg = Debug|Any CPU
		{89A9FF04-EE1B-44B8-82ED-5E9B5FEBE6D8}.Debug|Any CPU.Build.0 = Debug|Any CPU
		{89A9FF04-EE1B-44B8-82ED-5E9B5FEBE6D8}.Release|Any CPU.ActiveCfg = Release|Any CPU
		{89A9FF04-EE1B-44B8-82ED-5E9B5FEBE6D8}.Release|Any CPU.Build.0 = Release|Any CPU
		{0E89B820-3AF3-4EEE-AD1B-7C266300666E}.Debug|Any CPU.ActiveCfg = Debug|Any CPU
		{0E89B820-3AF3-4EEE-AD1B-7C266300666E}.Debug|Any CPU.Build.0 = Debug|Any CPU
		{0E89B820-3AF3-4EEE-AD1B-7C266300666E}.Release|Any CPU.ActiveCfg = Release|Any CPU
		{0E89B820-3AF3-4EEE-AD1B-7C266300666E}.Release|Any CPU.Build.0 = Release|Any CPU
	EndGlobalSection
	GlobalSection(SolutionProperties) = preSolution
		HideSolutionNode = FALSE
	EndGlobalSection
	GlobalSection(ExtensibilityGlobals) = postSolution
		SolutionGuid = {786D7201-8D41-4089-BB68-9D0BCBC2FEAB}
	EndGlobalSection
EndGlobal
