
Microsoft Visual Studio Solution File, Format Version 12.00
# Visual Studio Version 16
VisualStudioVersion = 16.0.32630.194
MinimumVisualStudioVersion = 10.0.40219.1
Project("{FAE04EC0-301F-11D3-BF4B-00C04F79EFBC}") = "Day1EmptyTemplatePrj", "Day1EmptyTemplatePrj\Day1EmptyTemplatePrj.csproj", "{87242757-3A0E-430F-8042-7D30ACE00A01}"
EndProject
Global
	GlobalSection(SolutionConfigurationPlatforms) = preSolution
		Debug|Any CPU = Debug|Any CPU
		Release|Any CPU = Release|Any CPU
	EndGlobalSection
	GlobalSection(ProjectConfigurationPlatforms) = postSolution
		{87242757-3A0E-430F-8042-7D30ACE00A01}.Debug|Any CPU.ActiveCfg = Debug|Any CPU
		{87242757-3A0E-430F-8042-7D30ACE00A01}.Debug|Any CPU.Build.0 = Debug|Any CPU
		{87242757-3A0E-430F-8042-7D30ACE00A01}.Release|Any CPU.ActiveCfg = Release|Any CPU
		{87242757-3A0E-430F-8042-7D30ACE00A01}.Release|Any CPU.Build.0 = Release|Any CPU
	EndGlobalSection
	GlobalSection(SolutionProperties) = preSolution
		HideSolutionNode = FALSE
	EndGlobalSection
	GlobalSection(ExtensibilityGlobals) = postSolution
		SolutionGuid = {EFB5D749-4AE1-4D36-AE1C-E0761EB32FD7}
	EndGlobalSection
EndGlobal
